
Microsoft Visual Studio Solution File, Format Version 12.00
# Visual Studio Version 16
VisualStudioVersion = 16.0.28917.181
MinimumVisualStudioVersion = 10.0.40219.1
Project("{FAE04EC0-301F-11D3-BF4B-00C04F79EFBC}") = "Tcc", "Tcc\Tcc.csproj", "{4BF34B4E-B343-47CA-9024-71EA1F6D09BE}"
EndProject
Global
	GlobalSection(SolutionConfigurationPlatforms) = preSolution
		Debug|Any CPU = Debug|Any CPU
		Release|Any CPU = Release|Any CPU
	EndGlobalSection
	GlobalSection(ProjectConfigurationPlatforms) = postSolution
		{4BF34B4E-B343-47CA-9024-71EA1F6D09BE}.Debug|Any CPU.ActiveCfg = Debug|Any CPU
		{4BF34B4E-B343-47CA-9024-71EA1F6D09BE}.Debug|Any CPU.Build.0 = Debug|Any CPU
		{4BF34B4E-B343-47CA-9024-71EA1F6D09BE}.Release|Any CPU.ActiveCfg = Release|Any CPU
		{4BF34B4E-B343-47CA-9024-71EA1F6D09BE}.Release|Any CPU.Build.0 = Release|Any CPU
	EndGlobalSection
	GlobalSection(SolutionProperties) = preSolution
		HideSolutionNode = FALSE
	EndGlobalSection
	GlobalSection(ExtensibilityGlobals) = postSolution
		SolutionGuid = {C7DF38FA-1246-4737-A2CA-480BF1FAE65D}
	EndGlobalSection
EndGlobal
